
Microsoft Visual Studio Solution File, Format Version 12.00
# Visual Studio Version 17
VisualStudioVersion = 17.8.34309.116
MinimumVisualStudioVersion = 10.0.40219.1
Project("{FAE04EC0-301F-11D3-BF4B-00C04F79EFBC}") = "MyBlog_Admin", "MyBlog_Admin\MyBlog_Admin.csproj", "{E1DEAB8F-B199-45A6-A4BC-4D3F8E2B2EF0}"
EndProject
Global
	GlobalSection(SolutionConfigurationPlatforms) = preSolution
		Debug|Any CPU = Debug|Any CPU
		Release|Any CPU = Release|Any CPU
	EndGlobalSection
	GlobalSection(ProjectConfigurationPlatforms) = postSolution
		{E1DEAB8F-B199-45A6-A4BC-4D3F8E2B2EF0}.Debug|Any CPU.ActiveCfg = Debug|Any CPU
		{E1DEAB8F-B199-45A6-A4BC-4D3F8E2B2EF0}.Debug|Any CPU.Build.0 = Debug|Any CPU
		{E1DEAB8F-B199-45A6-A4BC-4D3F8E2B2EF0}.Release|Any CPU.ActiveCfg = Release|Any CPU
		{E1DEAB8F-B199-45A6-A4BC-4D3F8E2B2EF0}.Release|Any CPU.Build.0 = Release|Any CPU
	EndGlobalSection
	GlobalSection(SolutionProperties) = preSolution
		HideSolutionNode = FALSE
	EndGlobalSection
	GlobalSection(ExtensibilityGlobals) = postSolution
		SolutionGuid = {463CE888-3F48-4872-A113-9FE72DC9383B}
	EndGlobalSection
EndGlobal
